
Microsoft Visual Studio Solution File, Format Version 12.00
# Visual Studio 15
VisualStudioVersion = 15.0.26124.0
MinimumVisualStudioVersion = 15.0.26124.0
Project("{FAE04EC0-301F-11D3-BF4B-00C04F79EFBC}") = "MyConsoleApp", "MyConsoleApp\MyConsoleApp.csproj", "{77FF43E9-8B55-454D-A0D7-1BF7B9C8CA0C}"
EndProject
Project("{FAE04EC0-301F-11D3-BF4B-00C04F79EFBC}") = "MyRazorPagesApp", "MyRazorPagesApp\MyRazorPagesApp.csproj", "{9FBCA809-8B22-4D01-914E-1E1F727EE072}"
EndProject
Project("{FAE04EC0-301F-11D3-BF4B-00C04F79EFBC}") = "MyMvcApp", "MyMvcApp\MyMvcApp.csproj", "{0271F8D8-74B8-415B-8560-E2AF9D0E12A6}"
EndProject
Project("{FAE04EC0-301F-11D3-BF4B-00C04F79EFBC}") = "MyWebApi", "MyWebApi\MyWebApi.csproj", "{ADADC973-81F5-48FB-89A7-8B49F29C0082}"
EndProject
Project("{FAE04EC0-301F-11D3-BF4B-00C04F79EFBC}") = "MyLibrary", "MyLibrary\MyLibrary.csproj", "{60FC0DD7-4FAE-4D08-A199-06B70A847D7C}"
EndProject
Global
	GlobalSection(SolutionConfigurationPlatforms) = preSolution
		Debug|Any CPU = Debug|Any CPU
		Debug|x64 = Debug|x64
		Debug|x86 = Debug|x86
		Release|Any CPU = Release|Any CPU
		Release|x64 = Release|x64
		Release|x86 = Release|x86
	EndGlobalSection
	GlobalSection(SolutionProperties) = preSolution
		HideSolutionNode = FALSE
	EndGlobalSection
	GlobalSection(ProjectConfigurationPlatforms) = postSolution
		{77FF43E9-8B55-454D-A0D7-1BF7B9C8CA0C}.Debug|Any CPU.ActiveCfg = Debug|Any CPU
		{77FF43E9-8B55-454D-A0D7-1BF7B9C8CA0C}.Debug|Any CPU.Build.0 = Debug|Any CPU
		{77FF43E9-8B55-454D-A0D7-1BF7B9C8CA0C}.Debug|x64.ActiveCfg = Debug|Any CPU
		{77FF43E9-8B55-454D-A0D7-1BF7B9C8CA0C}.Debug|x64.Build.0 = Debug|Any CPU
		{77FF43E9-8B55-454D-A0D7-1BF7B9C8CA0C}.Debug|x86.ActiveCfg = Debug|Any CPU
		{77FF43E9-8B55-454D-A0D7-1BF7B9C8CA0C}.Debug|x86.Build.0 = Debug|Any CPU
		{77FF43E9-8B55-454D-A0D7-1BF7B9C8CA0C}.Release|Any CPU.ActiveCfg = Release|Any CPU
		{77FF43E9-8B55-454D-A0D7-1BF7B9C8CA0C}.Release|Any CPU.Build.0 = Release|Any CPU
		{77FF43E9-8B55-454D-A0D7-1BF7B9C8CA0C}.Release|x64.ActiveCfg = Release|Any CPU
		{77FF43E9-8B55-454D-A0D7-1BF7B9C8CA0C}.Release|x64.Build.0 = Release|Any CPU
		{77FF43E9-8B55-454D-A0D7-1BF7B9C8CA0C}.Release|x86.ActiveCfg = Release|Any CPU
		{77FF43E9-8B55-454D-A0D7-1BF7B9C8CA0C}.Release|x86.Build.0 = Release|Any CPU
		{9FBCA809-8B22-4D01-914E-1E1F727EE072}.Debug|Any CPU.ActiveCfg = Debug|Any CPU
		{9FBCA809-8B22-4D01-914E-1E1F727EE072}.Debug|Any CPU.Build.0 = Debug|Any CPU
		{9FBCA809-8B22-4D01-914E-1E1F727EE072}.Debug|x64.ActiveCfg = Debug|Any CPU
		{9FBCA809-8B22-4D01-914E-1E1F727EE072}.Debug|x64.Build.0 = Debug|Any CPU
		{9FBCA809-8B22-4D01-914E-1E1F727EE072}.Debug|x86.ActiveCfg = Debug|Any CPU
		{9FBCA809-8B22-4D01-914E-1E1F727EE072}.Debug|x86.Build.0 = Debug|Any CPU
		{9FBCA809-8B22-4D01-914E-1E1F727EE072}.Release|Any CPU.ActiveCfg = Release|Any CPU
		{9FBCA809-8B22-4D01-914E-1E1F727EE072}.Release|Any CPU.Build.0 = Release|Any CPU
		{9FBCA809-8B22-4D01-914E-1E1F727EE072}.Release|x64.ActiveCfg = Release|Any CPU
		{9FBCA809-8B22-4D01-914E-1E1F727EE072}.Release|x64.Build.0 = Release|Any CPU
		{9FBCA809-8B22-4D01-914E-1E1F727EE072}.Release|x86.ActiveCfg = Release|Any CPU
		{9FBCA809-8B22-4D01-914E-1E1F727EE072}.Release|x86.Build.0 = Release|Any CPU
		{0271F8D8-74B8-415B-8560-E2AF9D0E12A6}.Debug|Any CPU.ActiveCfg = Debug|Any CPU
		{0271F8D8-74B8-415B-8560-E2AF9D0E12A6}.Debug|Any CPU.Build.0 = Debug|Any CPU
		{0271F8D8-74B8-415B-8560-E2AF9D0E12A6}.Debug|x64.ActiveCfg = Debug|Any CPU
		{0271F8D8-74B8-415B-8560-E2AF9D0E12A6}.Debug|x64.Build.0 = Debug|Any CPU
		{0271F8D8-74B8-415B-8560-E2AF9D0E12A6}.Debug|x86.ActiveCfg = Debug|Any CPU
		{0271F8D8-74B8-415B-8560-E2AF9D0E12A6}.Debug|x86.Build.0 = Debug|Any CPU
		{0271F8D8-74B8-415B-8560-E2AF9D0E12A6}.Release|Any CPU.ActiveCfg = Release|Any CPU
		{0271F8D8-74B8-415B-8560-E2AF9D0E12A6}.Release|Any CPU.Build.0 = Release|Any CPU
		{0271F8D8-74B8-415B-8560-E2AF9D0E12A6}.Release|x64.ActiveCfg = Release|Any CPU
		{0271F8D8-74B8-415B-8560-E2AF9D0E12A6}.Release|x64.Build.0 = Release|Any CPU
		{0271F8D8-74B8-415B-8560-E2AF9D0E12A6}.Release|x86.ActiveCfg = Release|Any CPU
		{0271F8D8-74B8-415B-8560-E2AF9D0E12A6}.Release|x86.Build.0 = Release|Any CPU
		{ADADC973-81F5-48FB-89A7-8B49F29C0082}.Debug|Any CPU.ActiveCfg = Debug|Any CPU
		{ADADC973-81F5-48FB-89A7-8B49F29C0082}.Debug|Any CPU.Build.0 = Debug|Any CPU
		{ADADC973-81F5-48FB-89A7-8B49F29C0082}.Debug|x64.ActiveCfg = Debug|Any CPU
		{ADADC973-81F5-48FB-89A7-8B49F29C0082}.Debug|x64.Build.0 = Debug|Any CPU
		{ADADC973-81F5-48FB-89A7-8B49F29C0082}.Debug|x86.ActiveCfg = Debug|Any CPU
		{ADADC973-81F5-48FB-89A7-8B49F29C0082}.Debug|x86.Build.0 = Debug|Any CPU
		{ADADC973-81F5-48FB-89A7-8B49F29C0082}.Release|Any CPU.ActiveCfg = Release|Any CPU
		{ADADC973-81F5-48FB-89A7-8B49F29C0082}.Release|Any CPU.Build.0 = Release|Any CPU
		{ADADC973-81F5-48FB-89A7-8B49F29C0082}.Release|x64.ActiveCfg = Release|Any CPU
		{ADADC973-81F5-48FB-89A7-8B49F29C0082}.Release|x64.Build.0 = Release|Any CPU
		{ADADC973-81F5-48FB-89A7-8B49F29C0082}.Release|x86.ActiveCfg = Release|Any CPU
		{ADADC973-81F5-48FB-89A7-8B49F29C0082}.Release|x86.Build.0 = Release|Any CPU
		{60FC0DD7-4FAE-4D08-A199-06B70A847D7C}.Debug|Any CPU.ActiveCfg = Debug|Any CPU
		{60FC0DD7-4FAE-4D08-A199-06B70A847D7C}.Debug|Any CPU.Build.0 = Debug|Any CPU
		{60FC0DD7-4FAE-4D08-A199-06B70A847D7C}.Debug|x64.ActiveCfg = Debug|Any CPU
		{60FC0DD7-4FAE-4D08-A199-06B70A847D7C}.Debug|x64.Build.0 = Debug|Any CPU
		{60FC0DD7-4FAE-4D08-A199-06B70A847D7C}.Debug|x86.ActiveCfg = Debug|Any CPU
		{60FC0DD7-4FAE-4D08-A199-06B70A847D7C}.Debug|x86.Build.0 = Debug|Any CPU
		{60FC0DD7-4FAE-4D08-A199-06B70A847D7C}.Release|Any CPU.ActiveCfg = Release|Any CPU
		{60FC0DD7-4FAE-4D08-A199-06B70A847D7C}.Release|Any CPU.Build.0 = Release|Any CPU
		{60FC0DD7-4FAE-4D08-A199-06B70A847D7C}.Release|x64.ActiveCfg = Release|Any CPU
		{60FC0DD7-4FAE-4D08-A199-06B70A847D7C}.Release|x64.Build.0 = Release|Any CPU
		{60FC0DD7-4FAE-4D08-A199-06B70A847D7C}.Release|x86.ActiveCfg = Release|Any CPU
		{60FC0DD7-4FAE-4D08-A199-06B70A847D7C}.Release|x86.Build.0 = Release|Any CPU
	EndGlobalSection
EndGlobal
